// !$*UTF8*$!
{
	archiveVersion = 1;
	classes = {
	};
	objectVersion = 54;
	objects = {

/* Begin PBXBuildFile section */
		00E356F31AD99517003FC87E /* RecipePassportTests.m in Sources */ = {isa = PBXBuildFile; fileRef = 00E356F21AD99517003FC87E /* RecipePassportTests.m */; };
		0C80B921A6F3F58F76C31292 /* libPods-RecipePassport.a in Frameworks */ = {isa = PBXBuildFile; fileRef = 5DCACB8F33CDC322A6C60F78 /* libPods-RecipePassport.a */; };
		13B07FBC1A68108700A75B9A /* AppDelegate.mm in Sources */ = {isa = PBXBuildFile; fileRef = 13B07FB01A68108700A75B9A /* AppDelegate.mm */; };
		13B07FBF1A68108700A75B9A /* Images.xcassets in Resources */ = {isa = PBXBuildFile; fileRef = 13B07FB51A68108700A75B9A /* Images.xcassets */; };
		13B07FC11A68108700A75B9A /* main.m in Sources */ = {isa = PBXBuildFile; fileRef = 13B07FB71A68108700A75B9A /* main.m */; };
		7699B88040F8A987B510C191 /* libPods-RecipePassport-RecipePassportTests.a in Frameworks */ = {isa = PBXBuildFile; fileRef = 19F6CBCC0A4E27FBF8BF4A61 /* libPods-RecipePassport-RecipePassportTests.a */; };
		81AB9BB82411601600AC10FF /* LaunchScreen.storyboard in Resources */ = {isa = PBXBuildFile; fileRef = 81AB9BB72411601600AC10FF /* LaunchScreen.storyboard */; };
		FD308AFF91AD4170B857396D /* Cabin-Bold.ttf in Resources */ = {isa = PBXBuildFile; fileRef = B9BEBDC00FB640909CC0D74C /* Cabin-Bold.ttf */; };
		EE01ED57FD3C4FD7AE43F500 /* Cabin-BoldItalic.ttf in Resources */ = {isa = PBXBuildFile; fileRef = B821316546664D11A47456E3 /* Cabin-BoldItalic.ttf */; };
		8DE5BACA8011483AA9022946 /* Cabin-Italic.ttf in Resources */ = {isa = PBXBuildFile; fileRef = 4137010FF3694AA7AA8F455C /* Cabin-Italic.ttf */; };
		E417683828204CD3B1016C96 /* Cabin-Medium.ttf in Resources */ = {isa = PBXBuildFile; fileRef = 441BBDA3201D448AAD21D808 /* Cabin-Medium.ttf */; };
		465548724E124ED18E990126 /* Cabin-MediumItalic.ttf in Resources */ = {isa = PBXBuildFile; fileRef = 2816AE040B114EB497B2384F /* Cabin-MediumItalic.ttf */; };
		B8F157387EDE4ED095800C6D /* Cabin-Regular.ttf in Resources */ = {isa = PBXBuildFile; fileRef = E94D9F4ACE4942469C710BE6 /* Cabin-Regular.ttf */; };
		113A7C28FDEB4B86ABDE55B6 /* Cabin-SemiBold.ttf in Resources */ = {isa = PBXBuildFile; fileRef = 41B41F06D6384DE3AD2E108D /* Cabin-SemiBold.ttf */; };
		C0A93871ED3B4BABBE8371E3 /* Cabin-SemiBoldItalic.ttf in Resources */ = {isa = PBXBuildFile; fileRef = A09F1B8471C641E4A1306407 /* Cabin-SemiBoldItalic.ttf */; };
		998EB99E5FB64E4498EB7033 /* Cabin_Condensed-Bold.ttf in Resources */ = {isa = PBXBuildFile; fileRef = AA5250E006DB43B0B10490C9 /* Cabin_Condensed-Bold.ttf */; };
		F974F560DBF04BCF8EC6706B /* Cabin_Condensed-BoldItalic.ttf in Resources */ = {isa = PBXBuildFile; fileRef = 4F0E06F841784E12A2A9608B /* Cabin_Condensed-BoldItalic.ttf */; };
		D7FFD0A7E9584CA395033DB4 /* Cabin_Condensed-Italic.ttf in Resources */ = {isa = PBXBuildFile; fileRef = 5D1E97F1A612449DB0CC6157 /* Cabin_Condensed-Italic.ttf */; };
		31A6D3572FC344ED9EC5C94F /* Cabin_Condensed-Medium.ttf in Resources */ = {isa = PBXBuildFile; fileRef = E063DEC86C2D44A0BFB35FC0 /* Cabin_Condensed-Medium.ttf */; };
		F6BE603BDDE64414A7CA9C7E /* Cabin_Condensed-MediumItalic.ttf in Resources */ = {isa = PBXBuildFile; fileRef = 62A1D8C235FB45169CF41481 /* Cabin_Condensed-MediumItalic.ttf */; };
		B1AD7C4D11664C11BA7FB419 /* Cabin_Condensed-Regular.ttf in Resources */ = {isa = PBXBuildFile; fileRef = 5EE381875DFD49B0A7A0ABC6 /* Cabin_Condensed-Regular.ttf */; };
		2FF75C821B6840D48EB19C24 /* Cabin_Condensed-SemiBold.ttf in Resources */ = {isa = PBXBuildFile; fileRef = EC30C79540634E51896072B7 /* Cabin_Condensed-SemiBold.ttf */; };
		2C0171DA2F8D49CCA8C4BD65 /* Cabin_Condensed-SemiBoldItalic.ttf in Resources */ = {isa = PBXBuildFile; fileRef = 3F55F1C9B7B344BF9405361B /* Cabin_Condensed-SemiBoldItalic.ttf */; };
		421E146DCBA242B2A57D627D /* Cabin_SemiCondensed-Bold.ttf in Resources */ = {isa = PBXBuildFile; fileRef = 878101D1F2C5461BA256378A /* Cabin_SemiCondensed-Bold.ttf */; };
		E1E21D8C74EA4C17B0602DDF /* Cabin_SemiCondensed-BoldItalic.ttf in Resources */ = {isa = PBXBuildFile; fileRef = 4559CA3C7D1A4EE887BDAFE1 /* Cabin_SemiCondensed-BoldItalic.ttf */; };
		2D0D564FC2FE45B98B27BF8C /* Cabin_SemiCondensed-Italic.ttf in Resources */ = {isa = PBXBuildFile; fileRef = 8CD49DBC97FA4236BEBFA1F5 /* Cabin_SemiCondensed-Italic.ttf */; };
		1D7ADBE6A0CA41ECB4633179 /* Cabin_SemiCondensed-Medium.ttf in Resources */ = {isa = PBXBuildFile; fileRef = 3E1E9F9DFB2742BE8B457573 /* Cabin_SemiCondensed-Medium.ttf */; };
		26751AC490054A9BAC7D4A8C /* Cabin_SemiCondensed-MediumItalic.ttf in Resources */ = {isa = PBXBuildFile; fileRef = B0066872816545A3B70CEE6E /* Cabin_SemiCondensed-MediumItalic.ttf */; };
		2A470E31CC59463697108A8B /* Cabin_SemiCondensed-Regular.ttf in Resources */ = {isa = PBXBuildFile; fileRef = 3E021D320C694AB895C087EC /* Cabin_SemiCondensed-Regular.ttf */; };
		196ADB6D82874F84A5BAA194 /* Cabin_SemiCondensed-SemiBold.ttf in Resources */ = {isa = PBXBuildFile; fileRef = 41B6E1463F7944FEAA55942B /* Cabin_SemiCondensed-SemiBold.ttf */; };
		856A53F519FD4285BB355BAA /* Cabin_SemiCondensed-SemiBoldItalic.ttf in Resources */ = {isa = PBXBuildFile; fileRef = 39D0274BFE624B7684DCFB80 /* Cabin_SemiCondensed-SemiBoldItalic.ttf */; };
		250A5C89AF564006BD9AA2E1 /* Montserrat-Black.ttf in Resources */ = {isa = PBXBuildFile; fileRef = 68121E33EC114E6C828BEAEC /* Montserrat-Black.ttf */; };
		8E2E9E1A34CC4636AB92C0BB /* Montserrat-BlackItalic.ttf in Resources */ = {isa = PBXBuildFile; fileRef = 697B2EBB29FA4DF2B53EA5F0 /* Montserrat-BlackItalic.ttf */; };
		67B426C703464263A57B6102 /* Montserrat-Bold.ttf in Resources */ = {isa = PBXBuildFile; fileRef = DA8AF4A219F84134A384920C /* Montserrat-Bold.ttf */; };
		637BF88D41B145EBABF11A4C /* Montserrat-BoldItalic.ttf in Resources */ = {isa = PBXBuildFile; fileRef = 38B1B9A29CC04A8BA9FFEF39 /* Montserrat-BoldItalic.ttf */; };
		3226EB1424734B7B8F2EEF54 /* Montserrat-ExtraBold.ttf in Resources */ = {isa = PBXBuildFile; fileRef = 0A5EBE80A8F54C7185FE4073 /* Montserrat-ExtraBold.ttf */; };
		898F420FC8974B03905193CF /* Montserrat-ExtraBoldItalic.ttf in Resources */ = {isa = PBXBuildFile; fileRef = 8E9FB99F78CD4FCCAA80B938 /* Montserrat-ExtraBoldItalic.ttf */; };
		120AF5CD1D6348B4BBA50E20 /* Montserrat-ExtraLight.ttf in Resources */ = {isa = PBXBuildFile; fileRef = DACD5F773AB542CCBA7F4A4F /* Montserrat-ExtraLight.ttf */; };
		77793A975FFB4C79B0402C39 /* Montserrat-ExtraLightItalic.ttf in Resources */ = {isa = PBXBuildFile; fileRef = 0009712BED5542A78AD51393 /* Montserrat-ExtraLightItalic.ttf */; };
		F15151DE718D496DB1AC8523 /* Montserrat-Italic.ttf in Resources */ = {isa = PBXBuildFile; fileRef = 6413036AA92A44A5A2413DCA /* Montserrat-Italic.ttf */; };
		3A0F8ECF4E6B433CAF39C942 /* Montserrat-Light.ttf in Resources */ = {isa = PBXBuildFile; fileRef = F9D8F848D95C46B4A08D5D4A /* Montserrat-Light.ttf */; };
		7F90C8D8B675479DAC67B6C8 /* Montserrat-LightItalic.ttf in Resources */ = {isa = PBXBuildFile; fileRef = 5D5716DC40AB413A92120144 /* Montserrat-LightItalic.ttf */; };
		BA10BCB467A54604AC8BBFD6 /* Montserrat-Medium.ttf in Resources */ = {isa = PBXBuildFile; fileRef = 2B96E0BA5D834548A92B3ED5 /* Montserrat-Medium.ttf */; };
		8040CC5456CC48118AE7856A /* Montserrat-MediumItalic.ttf in Resources */ = {isa = PBXBuildFile; fileRef = 9D1271FB0B594704915F0FFB /* Montserrat-MediumItalic.ttf */; };
		75BBC32E61EA467581541116 /* Montserrat-Regular.ttf in Resources */ = {isa = PBXBuildFile; fileRef = F3BE4ED615054BB2A63FF891 /* Montserrat-Regular.ttf */; };
		C6DC1F761CBF4241B7328F4E /* Montserrat-SemiBold.ttf in Resources */ = {isa = PBXBuildFile; fileRef = A012D72C41794E0FB7253CD0 /* Montserrat-SemiBold.ttf */; };
		D8D6267C61C849C7AE2A3D6F /* Montserrat-SemiBoldItalic.ttf in Resources */ = {isa = PBXBuildFile; fileRef = 4782DE24C3CA4A519033F816 /* Montserrat-SemiBoldItalic.ttf */; };
		057C9AF32E9A4E88979411A0 /* Montserrat-Thin.ttf in Resources */ = {isa = PBXBuildFile; fileRef = E0BBBB7919B249D5916A820C /* Montserrat-Thin.ttf */; };
		BBA97FB7CA554071A7A2A283 /* Montserrat-ThinItalic.ttf in Resources */ = {isa = PBXBuildFile; fileRef = 33E8D58746EB44BF81F8C956 /* Montserrat-ThinItalic.ttf */; };
/* End PBXBuildFile section */

/* Begin PBXContainerItemProxy section */
		00E356F41AD99517003FC87E /* PBXContainerItemProxy */ = {
			isa = PBXContainerItemProxy;
			containerPortal = 83CBB9F71A601CBA00E9B192 /* Project object */;
			proxyType = 1;
			remoteGlobalIDString = 13B07F861A680F5B00A75B9A;
			remoteInfo = RecipePassport;
		};
/* End PBXContainerItemProxy section */

/* Begin PBXFileReference section */
		00E356EE1AD99517003FC87E /* RecipePassportTests.xctest */ = {isa = PBXFileReference; explicitFileType = wrapper.cfbundle; includeInIndex = 0; path = RecipePassportTests.xctest; sourceTree = BUILT_PRODUCTS_DIR; };
		00E356F11AD99517003FC87E /* Info.plist */ = {isa = PBXFileReference; lastKnownFileType = text.plist.xml; path = Info.plist; sourceTree = "<group>"; };
		00E356F21AD99517003FC87E /* RecipePassportTests.m */ = {isa = PBXFileReference; lastKnownFileType = sourcecode.c.objc; path = RecipePassportTests.m; sourceTree = "<group>"; };
		13B07F961A680F5B00A75B9A /* RecipePassport.app */ = {isa = PBXFileReference; explicitFileType = wrapper.application; includeInIndex = 0; path = RecipePassport.app; sourceTree = BUILT_PRODUCTS_DIR; };
		13B07FAF1A68108700A75B9A /* AppDelegate.h */ = {isa = PBXFileReference; fileEncoding = 4; lastKnownFileType = sourcecode.c.h; name = AppDelegate.h; path = RecipePassport/AppDelegate.h; sourceTree = "<group>"; };
		13B07FB01A68108700A75B9A /* AppDelegate.mm */ = {isa = PBXFileReference; fileEncoding = 4; lastKnownFileType = sourcecode.cpp.objcpp; name = AppDelegate.mm; path = RecipePassport/AppDelegate.mm; sourceTree = "<group>"; };
		13B07FB51A68108700A75B9A /* Images.xcassets */ = {isa = PBXFileReference; lastKnownFileType = folder.assetcatalog; name = Images.xcassets; path = RecipePassport/Images.xcassets; sourceTree = "<group>"; };
		13B07FB61A68108700A75B9A /* Info.plist */ = {isa = PBXFileReference; fileEncoding = 4; lastKnownFileType = text.plist.xml; name = Info.plist; path = RecipePassport/Info.plist; sourceTree = "<group>"; };
		13B07FB71A68108700A75B9A /* main.m */ = {isa = PBXFileReference; fileEncoding = 4; lastKnownFileType = sourcecode.c.objc; name = main.m; path = RecipePassport/main.m; sourceTree = "<group>"; };
		19F6CBCC0A4E27FBF8BF4A61 /* libPods-RecipePassport-RecipePassportTests.a */ = {isa = PBXFileReference; explicitFileType = archive.ar; includeInIndex = 0; path = "libPods-RecipePassport-RecipePassportTests.a"; sourceTree = BUILT_PRODUCTS_DIR; };
		3B4392A12AC88292D35C810B /* Pods-RecipePassport.debug.xcconfig */ = {isa = PBXFileReference; includeInIndex = 1; lastKnownFileType = text.xcconfig; name = "Pods-RecipePassport.debug.xcconfig"; path = "Target Support Files/Pods-RecipePassport/Pods-RecipePassport.debug.xcconfig"; sourceTree = "<group>"; };
		5709B34CF0A7D63546082F79 /* Pods-RecipePassport.release.xcconfig */ = {isa = PBXFileReference; includeInIndex = 1; lastKnownFileType = text.xcconfig; name = "Pods-RecipePassport.release.xcconfig"; path = "Target Support Files/Pods-RecipePassport/Pods-RecipePassport.release.xcconfig"; sourceTree = "<group>"; };
		5B7EB9410499542E8C5724F5 /* Pods-RecipePassport-RecipePassportTests.debug.xcconfig */ = {isa = PBXFileReference; includeInIndex = 1; lastKnownFileType = text.xcconfig; name = "Pods-RecipePassport-RecipePassportTests.debug.xcconfig"; path = "Target Support Files/Pods-RecipePassport-RecipePassportTests/Pods-RecipePassport-RecipePassportTests.debug.xcconfig"; sourceTree = "<group>"; };
		5DCACB8F33CDC322A6C60F78 /* libPods-RecipePassport.a */ = {isa = PBXFileReference; explicitFileType = archive.ar; includeInIndex = 0; path = "libPods-RecipePassport.a"; sourceTree = BUILT_PRODUCTS_DIR; };
		81AB9BB72411601600AC10FF /* LaunchScreen.storyboard */ = {isa = PBXFileReference; fileEncoding = 4; lastKnownFileType = file.storyboard; name = LaunchScreen.storyboard; path = RecipePassport/LaunchScreen.storyboard; sourceTree = "<group>"; };
		89C6BE57DB24E9ADA2F236DE /* Pods-RecipePassport-RecipePassportTests.release.xcconfig */ = {isa = PBXFileReference; includeInIndex = 1; lastKnownFileType = text.xcconfig; name = "Pods-RecipePassport-RecipePassportTests.release.xcconfig"; path = "Target Support Files/Pods-RecipePassport-RecipePassportTests/Pods-RecipePassport-RecipePassportTests.release.xcconfig"; sourceTree = "<group>"; };
		ED297162215061F000B7C4FE /* JavaScriptCore.framework */ = {isa = PBXFileReference; lastKnownFileType = wrapper.framework; name = JavaScriptCore.framework; path = System/Library/Frameworks/JavaScriptCore.framework; sourceTree = SDKROOT; };
		B9BEBDC00FB640909CC0D74C /* Cabin-Bold.ttf */ = {isa = PBXFileReference; name = "Cabin-Bold.ttf"; path = "../src/fonts/Cabin-Bold.ttf"; sourceTree = "<group>"; fileEncoding = undefined; lastKnownFileType = unknown; explicitFileType = undefined; includeInIndex = 0; };
		B821316546664D11A47456E3 /* Cabin-BoldItalic.ttf */ = {isa = PBXFileReference; name = "Cabin-BoldItalic.ttf"; path = "../src/fonts/Cabin-BoldItalic.ttf"; sourceTree = "<group>"; fileEncoding = undefined; lastKnownFileType = unknown; explicitFileType = undefined; includeInIndex = 0; };
		4137010FF3694AA7AA8F455C /* Cabin-Italic.ttf */ = {isa = PBXFileReference; name = "Cabin-Italic.ttf"; path = "../src/fonts/Cabin-Italic.ttf"; sourceTree = "<group>"; fileEncoding = undefined; lastKnownFileType = unknown; explicitFileType = undefined; includeInIndex = 0; };
		441BBDA3201D448AAD21D808 /* Cabin-Medium.ttf */ = {isa = PBXFileReference; name = "Cabin-Medium.ttf"; path = "../src/fonts/Cabin-Medium.ttf"; sourceTree = "<group>"; fileEncoding = undefined; lastKnownFileType = unknown; explicitFileType = undefined; includeInIndex = 0; };
		2816AE040B114EB497B2384F /* Cabin-MediumItalic.ttf */ = {isa = PBXFileReference; name = "Cabin-MediumItalic.ttf"; path = "../src/fonts/Cabin-MediumItalic.ttf"; sourceTree = "<group>"; fileEncoding = undefined; lastKnownFileType = unknown; explicitFileType = undefined; includeInIndex = 0; };
		E94D9F4ACE4942469C710BE6 /* Cabin-Regular.ttf */ = {isa = PBXFileReference; name = "Cabin-Regular.ttf"; path = "../src/fonts/Cabin-Regular.ttf"; sourceTree = "<group>"; fileEncoding = undefined; lastKnownFileType = unknown; explicitFileType = undefined; includeInIndex = 0; };
		41B41F06D6384DE3AD2E108D /* Cabin-SemiBold.ttf */ = {isa = PBXFileReference; name = "Cabin-SemiBold.ttf"; path = "../src/fonts/Cabin-SemiBold.ttf"; sourceTree = "<group>"; fileEncoding = undefined; lastKnownFileType = unknown; explicitFileType = undefined; includeInIndex = 0; };
		A09F1B8471C641E4A1306407 /* Cabin-SemiBoldItalic.ttf */ = {isa = PBXFileReference; name = "Cabin-SemiBoldItalic.ttf"; path = "../src/fonts/Cabin-SemiBoldItalic.ttf"; sourceTree = "<group>"; fileEncoding = undefined; lastKnownFileType = unknown; explicitFileType = undefined; includeInIndex = 0; };
		AA5250E006DB43B0B10490C9 /* Cabin_Condensed-Bold.ttf */ = {isa = PBXFileReference; name = "Cabin_Condensed-Bold.ttf"; path = "../src/fonts/Cabin_Condensed-Bold.ttf"; sourceTree = "<group>"; fileEncoding = undefined; lastKnownFileType = unknown; explicitFileType = undefined; includeInIndex = 0; };
		4F0E06F841784E12A2A9608B /* Cabin_Condensed-BoldItalic.ttf */ = {isa = PBXFileReference; name = "Cabin_Condensed-BoldItalic.ttf"; path = "../src/fonts/Cabin_Condensed-BoldItalic.ttf"; sourceTree = "<group>"; fileEncoding = undefined; lastKnownFileType = unknown; explicitFileType = undefined; includeInIndex = 0; };
		5D1E97F1A612449DB0CC6157 /* Cabin_Condensed-Italic.ttf */ = {isa = PBXFileReference; name = "Cabin_Condensed-Italic.ttf"; path = "../src/fonts/Cabin_Condensed-Italic.ttf"; sourceTree = "<group>"; fileEncoding = undefined; lastKnownFileType = unknown; explicitFileType = undefined; includeInIndex = 0; };
		E063DEC86C2D44A0BFB35FC0 /* Cabin_Condensed-Medium.ttf */ = {isa = PBXFileReference; name = "Cabin_Condensed-Medium.ttf"; path = "../src/fonts/Cabin_Condensed-Medium.ttf"; sourceTree = "<group>"; fileEncoding = undefined; lastKnownFileType = unknown; explicitFileType = undefined; includeInIndex = 0; };
		62A1D8C235FB45169CF41481 /* Cabin_Condensed-MediumItalic.ttf */ = {isa = PBXFileReference; name = "Cabin_Condensed-MediumItalic.ttf"; path = "../src/fonts/Cabin_Condensed-MediumItalic.ttf"; sourceTree = "<group>"; fileEncoding = undefined; lastKnownFileType = unknown; explicitFileType = undefined; includeInIndex = 0; };
		5EE381875DFD49B0A7A0ABC6 /* Cabin_Condensed-Regular.ttf */ = {isa = PBXFileReference; name = "Cabin_Condensed-Regular.ttf"; path = "../src/fonts/Cabin_Condensed-Regular.ttf"; sourceTree = "<group>"; fileEncoding = undefined; lastKnownFileType = unknown; explicitFileType = undefined; includeInIndex = 0; };
		EC30C79540634E51896072B7 /* Cabin_Condensed-SemiBold.ttf */ = {isa = PBXFileReference; name = "Cabin_Condensed-SemiBold.ttf"; path = "../src/fonts/Cabin_Condensed-SemiBold.ttf"; sourceTree = "<group>"; fileEncoding = undefined; lastKnownFileType = unknown; explicitFileType = undefined; includeInIndex = 0; };
		3F55F1C9B7B344BF9405361B /* Cabin_Condensed-SemiBoldItalic.ttf */ = {isa = PBXFileReference; name = "Cabin_Condensed-SemiBoldItalic.ttf"; path = "../src/fonts/Cabin_Condensed-SemiBoldItalic.ttf"; sourceTree = "<group>"; fileEncoding = undefined; lastKnownFileType = unknown; explicitFileType = undefined; includeInIndex = 0; };
		878101D1F2C5461BA256378A /* Cabin_SemiCondensed-Bold.ttf */ = {isa = PBXFileReference; name = "Cabin_SemiCondensed-Bold.ttf"; path = "../src/fonts/Cabin_SemiCondensed-Bold.ttf"; sourceTree = "<group>"; fileEncoding = undefined; lastKnownFileType = unknown; explicitFileType = undefined; includeInIndex = 0; };
		4559CA3C7D1A4EE887BDAFE1 /* Cabin_SemiCondensed-BoldItalic.ttf */ = {isa = PBXFileReference; name = "Cabin_SemiCondensed-BoldItalic.ttf"; path = "../src/fonts/Cabin_SemiCondensed-BoldItalic.ttf"; sourceTree = "<group>"; fileEncoding = undefined; lastKnownFileType = unknown; explicitFileType = undefined; includeInIndex = 0; };
		8CD49DBC97FA4236BEBFA1F5 /* Cabin_SemiCondensed-Italic.ttf */ = {isa = PBXFileReference; name = "Cabin_SemiCondensed-Italic.ttf"; path = "../src/fonts/Cabin_SemiCondensed-Italic.ttf"; sourceTree = "<group>"; fileEncoding = undefined; lastKnownFileType = unknown; explicitFileType = undefined; includeInIndex = 0; };
		3E1E9F9DFB2742BE8B457573 /* Cabin_SemiCondensed-Medium.ttf */ = {isa = PBXFileReference; name = "Cabin_SemiCondensed-Medium.ttf"; path = "../src/fonts/Cabin_SemiCondensed-Medium.ttf"; sourceTree = "<group>"; fileEncoding = undefined; lastKnownFileType = unknown; explicitFileType = undefined; includeInIndex = 0; };
		B0066872816545A3B70CEE6E /* Cabin_SemiCondensed-MediumItalic.ttf */ = {isa = PBXFileReference; name = "Cabin_SemiCondensed-MediumItalic.ttf"; path = "../src/fonts/Cabin_SemiCondensed-MediumItalic.ttf"; sourceTree = "<group>"; fileEncoding = undefined; lastKnownFileType = unknown; explicitFileType = undefined; includeInIndex = 0; };
		3E021D320C694AB895C087EC /* Cabin_SemiCondensed-Regular.ttf */ = {isa = PBXFileReference; name = "Cabin_SemiCondensed-Regular.ttf"; path = "../src/fonts/Cabin_SemiCondensed-Regular.ttf"; sourceTree = "<group>"; fileEncoding = undefined; lastKnownFileType = unknown; explicitFileType = undefined; includeInIndex = 0; };
		41B6E1463F7944FEAA55942B /* Cabin_SemiCondensed-SemiBold.ttf */ = {isa = PBXFileReference; name = "Cabin_SemiCondensed-SemiBold.ttf"; path = "../src/fonts/Cabin_SemiCondensed-SemiBold.ttf"; sourceTree = "<group>"; fileEncoding = undefined; lastKnownFileType = unknown; explicitFileType = undefined; includeInIndex = 0; };
		39D0274BFE624B7684DCFB80 /* Cabin_SemiCondensed-SemiBoldItalic.ttf */ = {isa = PBXFileReference; name = "Cabin_SemiCondensed-SemiBoldItalic.ttf"; path = "../src/fonts/Cabin_SemiCondensed-SemiBoldItalic.ttf"; sourceTree = "<group>"; fileEncoding = undefined; lastKnownFileType = unknown; explicitFileType = undefined; includeInIndex = 0; };
		68121E33EC114E6C828BEAEC /* Montserrat-Black.ttf */ = {isa = PBXFileReference; name = "Montserrat-Black.ttf"; path = "../src/fonts/Montserrat-Black.ttf"; sourceTree = "<group>"; fileEncoding = undefined; lastKnownFileType = unknown; explicitFileType = undefined; includeInIndex = 0; };
		697B2EBB29FA4DF2B53EA5F0 /* Montserrat-BlackItalic.ttf */ = {isa = PBXFileReference; name = "Montserrat-BlackItalic.ttf"; path = "../src/fonts/Montserrat-BlackItalic.ttf"; sourceTree = "<group>"; fileEncoding = undefined; lastKnownFileType = unknown; explicitFileType = undefined; includeInIndex = 0; };
		DA8AF4A219F84134A384920C /* Montserrat-Bold.ttf */ = {isa = PBXFileReference; name = "Montserrat-Bold.ttf"; path = "../src/fonts/Montserrat-Bold.ttf"; sourceTree = "<group>"; fileEncoding = undefined; lastKnownFileType = unknown; explicitFileType = undefined; includeInIndex = 0; };
		38B1B9A29CC04A8BA9FFEF39 /* Montserrat-BoldItalic.ttf */ = {isa = PBXFileReference; name = "Montserrat-BoldItalic.ttf"; path = "../src/fonts/Montserrat-BoldItalic.ttf"; sourceTree = "<group>"; fileEncoding = undefined; lastKnownFileType = unknown; explicitFileType = undefined; includeInIndex = 0; };
		0A5EBE80A8F54C7185FE4073 /* Montserrat-ExtraBold.ttf */ = {isa = PBXFileReference; name = "Montserrat-ExtraBold.ttf"; path = "../src/fonts/Montserrat-ExtraBold.ttf"; sourceTree = "<group>"; fileEncoding = undefined; lastKnownFileType = unknown; explicitFileType = undefined; includeInIndex = 0; };
		8E9FB99F78CD4FCCAA80B938 /* Montserrat-ExtraBoldItalic.ttf */ = {isa = PBXFileReference; name = "Montserrat-ExtraBoldItalic.ttf"; path = "../src/fonts/Montserrat-ExtraBoldItalic.ttf"; sourceTree = "<group>"; fileEncoding = undefined; lastKnownFileType = unknown; explicitFileType = undefined; includeInIndex = 0; };
		DACD5F773AB542CCBA7F4A4F /* Montserrat-ExtraLight.ttf */ = {isa = PBXFileReference; name = "Montserrat-ExtraLight.ttf"; path = "../src/fonts/Montserrat-ExtraLight.ttf"; sourceTree = "<group>"; fileEncoding = undefined; lastKnownFileType = unknown; explicitFileType = undefined; includeInIndex = 0; };
		0009712BED5542A78AD51393 /* Montserrat-ExtraLightItalic.ttf */ = {isa = PBXFileReference; name = "Montserrat-ExtraLightItalic.ttf"; path = "../src/fonts/Montserrat-ExtraLightItalic.ttf"; sourceTree = "<group>"; fileEncoding = undefined; lastKnownFileType = unknown; explicitFileType = undefined; includeInIndex = 0; };
		6413036AA92A44A5A2413DCA /* Montserrat-Italic.ttf */ = {isa = PBXFileReference; name = "Montserrat-Italic.ttf"; path = "../src/fonts/Montserrat-Italic.ttf"; sourceTree = "<group>"; fileEncoding = undefined; lastKnownFileType = unknown; explicitFileType = undefined; includeInIndex = 0; };
		F9D8F848D95C46B4A08D5D4A /* Montserrat-Light.ttf */ = {isa = PBXFileReference; name = "Montserrat-Light.ttf"; path = "../src/fonts/Montserrat-Light.ttf"; sourceTree = "<group>"; fileEncoding = undefined; lastKnownFileType = unknown; explicitFileType = undefined; includeInIndex = 0; };
		5D5716DC40AB413A92120144 /* Montserrat-LightItalic.ttf */ = {isa = PBXFileReference; name = "Montserrat-LightItalic.ttf"; path = "../src/fonts/Montserrat-LightItalic.ttf"; sourceTree = "<group>"; fileEncoding = undefined; lastKnownFileType = unknown; explicitFileType = undefined; includeInIndex = 0; };
		2B96E0BA5D834548A92B3ED5 /* Montserrat-Medium.ttf */ = {isa = PBXFileReference; name = "Montserrat-Medium.ttf"; path = "../src/fonts/Montserrat-Medium.ttf"; sourceTree = "<group>"; fileEncoding = undefined; lastKnownFileType = unknown; explicitFileType = undefined; includeInIndex = 0; };
		9D1271FB0B594704915F0FFB /* Montserrat-MediumItalic.ttf */ = {isa = PBXFileReference; name = "Montserrat-MediumItalic.ttf"; path = "../src/fonts/Montserrat-MediumItalic.ttf"; sourceTree = "<group>"; fileEncoding = undefined; lastKnownFileType = unknown; explicitFileType = undefined; includeInIndex = 0; };
		F3BE4ED615054BB2A63FF891 /* Montserrat-Regular.ttf */ = {isa = PBXFileReference; name = "Montserrat-Regular.ttf"; path = "../src/fonts/Montserrat-Regular.ttf"; sourceTree = "<group>"; fileEncoding = undefined; lastKnownFileType = unknown; explicitFileType = undefined; includeInIndex = 0; };
		A012D72C41794E0FB7253CD0 /* Montserrat-SemiBold.ttf */ = {isa = PBXFileReference; name = "Montserrat-SemiBold.ttf"; path = "../src/fonts/Montserrat-SemiBold.ttf"; sourceTree = "<group>"; fileEncoding = undefined; lastKnownFileType = unknown; explicitFileType = undefined; includeInIndex = 0; };
		4782DE24C3CA4A519033F816 /* Montserrat-SemiBoldItalic.ttf */ = {isa = PBXFileReference; name = "Montserrat-SemiBoldItalic.ttf"; path = "../src/fonts/Montserrat-SemiBoldItalic.ttf"; sourceTree = "<group>"; fileEncoding = undefined; lastKnownFileType = unknown; explicitFileType = undefined; includeInIndex = 0; };
		E0BBBB7919B249D5916A820C /* Montserrat-Thin.ttf */ = {isa = PBXFileReference; name = "Montserrat-Thin.ttf"; path = "../src/fonts/Montserrat-Thin.ttf"; sourceTree = "<group>"; fileEncoding = undefined; lastKnownFileType = unknown; explicitFileType = undefined; includeInIndex = 0; };
		33E8D58746EB44BF81F8C956 /* Montserrat-ThinItalic.ttf */ = {isa = PBXFileReference; name = "Montserrat-ThinItalic.ttf"; path = "../src/fonts/Montserrat-ThinItalic.ttf"; sourceTree = "<group>"; fileEncoding = undefined; lastKnownFileType = unknown; explicitFileType = undefined; includeInIndex = 0; };
/* End PBXFileReference section */

/* Begin PBXFrameworksBuildPhase section */
		00E356EB1AD99517003FC87E /* Frameworks */ = {
			isa = PBXFrameworksBuildPhase;
			buildActionMask = 2147483647;
			files = (
				7699B88040F8A987B510C191 /* libPods-RecipePassport-RecipePassportTests.a in Frameworks */,
			);
			runOnlyForDeploymentPostprocessing = 0;
		};
		13B07F8C1A680F5B00A75B9A /* Frameworks */ = {
			isa = PBXFrameworksBuildPhase;
			buildActionMask = 2147483647;
			files = (
				0C80B921A6F3F58F76C31292 /* libPods-RecipePassport.a in Frameworks */,
			);
			runOnlyForDeploymentPostprocessing = 0;
		};
/* End PBXFrameworksBuildPhase section */

/* Begin PBXGroup section */
		00E356EF1AD99517003FC87E /* RecipePassportTests */ = {
			isa = PBXGroup;
			children = (
				00E356F21AD99517003FC87E /* RecipePassportTests.m */,
				00E356F01AD99517003FC87E /* Supporting Files */,
			);
			path = RecipePassportTests;
			sourceTree = "<group>";
		};
		00E356F01AD99517003FC87E /* Supporting Files */ = {
			isa = PBXGroup;
			children = (
				00E356F11AD99517003FC87E /* Info.plist */,
			);
			name = "Supporting Files";
			sourceTree = "<group>";
		};
		13B07FAE1A68108700A75B9A /* RecipePassport */ = {
			isa = PBXGroup;
			children = (
				13B07FAF1A68108700A75B9A /* AppDelegate.h */,
				13B07FB01A68108700A75B9A /* AppDelegate.mm */,
				13B07FB51A68108700A75B9A /* Images.xcassets */,
				13B07FB61A68108700A75B9A /* Info.plist */,
				81AB9BB72411601600AC10FF /* LaunchScreen.storyboard */,
				13B07FB71A68108700A75B9A /* main.m */,
			);
			name = RecipePassport;
			sourceTree = "<group>";
		};
		2D16E6871FA4F8E400B85C8A /* Frameworks */ = {
			isa = PBXGroup;
			children = (
				ED297162215061F000B7C4FE /* JavaScriptCore.framework */,
				5DCACB8F33CDC322A6C60F78 /* libPods-RecipePassport.a */,
				19F6CBCC0A4E27FBF8BF4A61 /* libPods-RecipePassport-RecipePassportTests.a */,
			);
			name = Frameworks;
			sourceTree = "<group>";
		};
		832341AE1AAA6A7D00B99B32 /* Libraries */ = {
			isa = PBXGroup;
			children = (
			);
			name = Libraries;
			sourceTree = "<group>";
		};
		83CBB9F61A601CBA00E9B192 = {
			isa = PBXGroup;
			children = (
				13B07FAE1A68108700A75B9A /* RecipePassport */,
				832341AE1AAA6A7D00B99B32 /* Libraries */,
				00E356EF1AD99517003FC87E /* RecipePassportTests */,
				83CBBA001A601CBA00E9B192 /* Products */,
				2D16E6871FA4F8E400B85C8A /* Frameworks */,
				BBD78D7AC51CEA395F1C20DB /* Pods */,
				52A643D1CADB444FA42EF4C3 /* Resources */,
			);
			indentWidth = 2;
			sourceTree = "<group>";
			tabWidth = 2;
			usesTabs = 0;
		};
		83CBBA001A601CBA00E9B192 /* Products */ = {
			isa = PBXGroup;
			children = (
				13B07F961A680F5B00A75B9A /* RecipePassport.app */,
				00E356EE1AD99517003FC87E /* RecipePassportTests.xctest */,
			);
			name = Products;
			sourceTree = "<group>";
		};
		BBD78D7AC51CEA395F1C20DB /* Pods */ = {
			isa = PBXGroup;
			children = (
				3B4392A12AC88292D35C810B /* Pods-RecipePassport.debug.xcconfig */,
				5709B34CF0A7D63546082F79 /* Pods-RecipePassport.release.xcconfig */,
				5B7EB9410499542E8C5724F5 /* Pods-RecipePassport-RecipePassportTests.debug.xcconfig */,
				89C6BE57DB24E9ADA2F236DE /* Pods-RecipePassport-RecipePassportTests.release.xcconfig */,
			);
			path = Pods;
			sourceTree = "<group>";
		};
		52A643D1CADB444FA42EF4C3 /* Resources */ = {
			isa = "PBXGroup";
			children = (
				B9BEBDC00FB640909CC0D74C /* Cabin-Bold.ttf */,
				B821316546664D11A47456E3 /* Cabin-BoldItalic.ttf */,
				4137010FF3694AA7AA8F455C /* Cabin-Italic.ttf */,
				441BBDA3201D448AAD21D808 /* Cabin-Medium.ttf */,
				2816AE040B114EB497B2384F /* Cabin-MediumItalic.ttf */,
				E94D9F4ACE4942469C710BE6 /* Cabin-Regular.ttf */,
				41B41F06D6384DE3AD2E108D /* Cabin-SemiBold.ttf */,
				A09F1B8471C641E4A1306407 /* Cabin-SemiBoldItalic.ttf */,
				AA5250E006DB43B0B10490C9 /* Cabin_Condensed-Bold.ttf */,
				4F0E06F841784E12A2A9608B /* Cabin_Condensed-BoldItalic.ttf */,
				5D1E97F1A612449DB0CC6157 /* Cabin_Condensed-Italic.ttf */,
				E063DEC86C2D44A0BFB35FC0 /* Cabin_Condensed-Medium.ttf */,
				62A1D8C235FB45169CF41481 /* Cabin_Condensed-MediumItalic.ttf */,
				5EE381875DFD49B0A7A0ABC6 /* Cabin_Condensed-Regular.ttf */,
				EC30C79540634E51896072B7 /* Cabin_Condensed-SemiBold.ttf */,
				3F55F1C9B7B344BF9405361B /* Cabin_Condensed-SemiBoldItalic.ttf */,
				878101D1F2C5461BA256378A /* Cabin_SemiCondensed-Bold.ttf */,
				4559CA3C7D1A4EE887BDAFE1 /* Cabin_SemiCondensed-BoldItalic.ttf */,
				8CD49DBC97FA4236BEBFA1F5 /* Cabin_SemiCondensed-Italic.ttf */,
				3E1E9F9DFB2742BE8B457573 /* Cabin_SemiCondensed-Medium.ttf */,
				B0066872816545A3B70CEE6E /* Cabin_SemiCondensed-MediumItalic.ttf */,
				3E021D320C694AB895C087EC /* Cabin_SemiCondensed-Regular.ttf */,
				41B6E1463F7944FEAA55942B /* Cabin_SemiCondensed-SemiBold.ttf */,
				39D0274BFE624B7684DCFB80 /* Cabin_SemiCondensed-SemiBoldItalic.ttf */,
				68121E33EC114E6C828BEAEC /* Montserrat-Black.ttf */,
				697B2EBB29FA4DF2B53EA5F0 /* Montserrat-BlackItalic.ttf */,
				DA8AF4A219F84134A384920C /* Montserrat-Bold.ttf */,
				38B1B9A29CC04A8BA9FFEF39 /* Montserrat-BoldItalic.ttf */,
				0A5EBE80A8F54C7185FE4073 /* Montserrat-ExtraBold.ttf */,
				8E9FB99F78CD4FCCAA80B938 /* Montserrat-ExtraBoldItalic.ttf */,
				DACD5F773AB542CCBA7F4A4F /* Montserrat-ExtraLight.ttf */,
				0009712BED5542A78AD51393 /* Montserrat-ExtraLightItalic.ttf */,
				6413036AA92A44A5A2413DCA /* Montserrat-Italic.ttf */,
				F9D8F848D95C46B4A08D5D4A /* Montserrat-Light.ttf */,
				5D5716DC40AB413A92120144 /* Montserrat-LightItalic.ttf */,
				2B96E0BA5D834548A92B3ED5 /* Montserrat-Medium.ttf */,
				9D1271FB0B594704915F0FFB /* Montserrat-MediumItalic.ttf */,
				F3BE4ED615054BB2A63FF891 /* Montserrat-Regular.ttf */,
				A012D72C41794E0FB7253CD0 /* Montserrat-SemiBold.ttf */,
				4782DE24C3CA4A519033F816 /* Montserrat-SemiBoldItalic.ttf */,
				E0BBBB7919B249D5916A820C /* Montserrat-Thin.ttf */,
				33E8D58746EB44BF81F8C956 /* Montserrat-ThinItalic.ttf */,
			);
			name = Resources;
			sourceTree = "<group>";
			path = "";
		};
/* End PBXGroup section */

/* Begin PBXNativeTarget section */
		00E356ED1AD99517003FC87E /* RecipePassportTests */ = {
			isa = PBXNativeTarget;
			buildConfigurationList = 00E357021AD99517003FC87E /* Build configuration list for PBXNativeTarget "RecipePassportTests" */;
			buildPhases = (
				A55EABD7B0C7F3A422A6CC61 /* [CP] Check Pods Manifest.lock */,
				00E356EA1AD99517003FC87E /* Sources */,
				00E356EB1AD99517003FC87E /* Frameworks */,
				00E356EC1AD99517003FC87E /* Resources */,
				C59DA0FBD6956966B86A3779 /* [CP] Embed Pods Frameworks */,
				F6A41C54EA430FDDC6A6ED99 /* [CP] Copy Pods Resources */,
			);
			buildRules = (
			);
			dependencies = (
				00E356F51AD99517003FC87E /* PBXTargetDependency */,
			);
			name = RecipePassportTests;
			productName = RecipePassportTests;
			productReference = 00E356EE1AD99517003FC87E /* RecipePassportTests.xctest */;
			productType = "com.apple.product-type.bundle.unit-test";
		};
		13B07F861A680F5B00A75B9A /* RecipePassport */ = {
			isa = PBXNativeTarget;
			buildConfigurationList = 13B07F931A680F5B00A75B9A /* Build configuration list for PBXNativeTarget "RecipePassport" */;
			buildPhases = (
				C38B50BA6285516D6DCD4F65 /* [CP] Check Pods Manifest.lock */,
				FD10A7F022414F080027D42C /* Start Packager */,
				13B07F871A680F5B00A75B9A /* Sources */,
				13B07F8C1A680F5B00A75B9A /* Frameworks */,
				13B07F8E1A680F5B00A75B9A /* Resources */,
				00DD1BFF1BD5951E006B06BC /* Bundle React Native code and images */,
				00EEFC60759A1932668264C0 /* [CP] Embed Pods Frameworks */,
				E235C05ADACE081382539298 /* [CP] Copy Pods Resources */,
			);
			buildRules = (
			);
			dependencies = (
			);
			name = RecipePassport;
			productName = RecipePassport;
			productReference = 13B07F961A680F5B00A75B9A /* RecipePassport.app */;
			productType = "com.apple.product-type.application";
		};
/* End PBXNativeTarget section */

/* Begin PBXProject section */
		83CBB9F71A601CBA00E9B192 /* Project object */ = {
			isa = PBXProject;
			attributes = {
				LastUpgradeCheck = 1210;
				TargetAttributes = {
					00E356ED1AD99517003FC87E = {
						CreatedOnToolsVersion = 6.2;
						TestTargetID = 13B07F861A680F5B00A75B9A;
					};
					13B07F861A680F5B00A75B9A = {
						LastSwiftMigration = 1120;
					};
				};
			};
			buildConfigurationList = 83CBB9FA1A601CBA00E9B192 /* Build configuration list for PBXProject "RecipePassport" */;
			compatibilityVersion = "Xcode 12.0";
			developmentRegion = en;
			hasScannedForEncodings = 0;
			knownRegions = (
				en,
				Base,
			);
			mainGroup = 83CBB9F61A601CBA00E9B192;
			productRefGroup = 83CBBA001A601CBA00E9B192 /* Products */;
			projectDirPath = "";
			projectRoot = "";
			targets = (
				13B07F861A680F5B00A75B9A /* RecipePassport */,
				00E356ED1AD99517003FC87E /* RecipePassportTests */,
			);
		};
/* End PBXProject section */

/* Begin PBXResourcesBuildPhase section */
		00E356EC1AD99517003FC87E /* Resources */ = {
			isa = PBXResourcesBuildPhase;
			buildActionMask = 2147483647;
			files = (
			);
			runOnlyForDeploymentPostprocessing = 0;
		};
		13B07F8E1A680F5B00A75B9A /* Resources */ = {
			isa = PBXResourcesBuildPhase;
			buildActionMask = 2147483647;
			files = (
				81AB9BB82411601600AC10FF /* LaunchScreen.storyboard in Resources */,
				13B07FBF1A68108700A75B9A /* Images.xcassets in Resources */,
				FD308AFF91AD4170B857396D /* Cabin-Bold.ttf in Resources */,
				EE01ED57FD3C4FD7AE43F500 /* Cabin-BoldItalic.ttf in Resources */,
				8DE5BACA8011483AA9022946 /* Cabin-Italic.ttf in Resources */,
				E417683828204CD3B1016C96 /* Cabin-Medium.ttf in Resources */,
				465548724E124ED18E990126 /* Cabin-MediumItalic.ttf in Resources */,
				B8F157387EDE4ED095800C6D /* Cabin-Regular.ttf in Resources */,
				113A7C28FDEB4B86ABDE55B6 /* Cabin-SemiBold.ttf in Resources */,
				C0A93871ED3B4BABBE8371E3 /* Cabin-SemiBoldItalic.ttf in Resources */,
				998EB99E5FB64E4498EB7033 /* Cabin_Condensed-Bold.ttf in Resources */,
				F974F560DBF04BCF8EC6706B /* Cabin_Condensed-BoldItalic.ttf in Resources */,
				D7FFD0A7E9584CA395033DB4 /* Cabin_Condensed-Italic.ttf in Resources */,
				31A6D3572FC344ED9EC5C94F /* Cabin_Condensed-Medium.ttf in Resources */,
				F6BE603BDDE64414A7CA9C7E /* Cabin_Condensed-MediumItalic.ttf in Resources */,
				B1AD7C4D11664C11BA7FB419 /* Cabin_Condensed-Regular.ttf in Resources */,
				2FF75C821B6840D48EB19C24 /* Cabin_Condensed-SemiBold.ttf in Resources */,
				2C0171DA2F8D49CCA8C4BD65 /* Cabin_Condensed-SemiBoldItalic.ttf in Resources */,
				421E146DCBA242B2A57D627D /* Cabin_SemiCondensed-Bold.ttf in Resources */,
				E1E21D8C74EA4C17B0602DDF /* Cabin_SemiCondensed-BoldItalic.ttf in Resources */,
				2D0D564FC2FE45B98B27BF8C /* Cabin_SemiCondensed-Italic.ttf in Resources */,
				1D7ADBE6A0CA41ECB4633179 /* Cabin_SemiCondensed-Medium.ttf in Resources */,
				26751AC490054A9BAC7D4A8C /* Cabin_SemiCondensed-MediumItalic.ttf in Resources */,
				2A470E31CC59463697108A8B /* Cabin_SemiCondensed-Regular.ttf in Resources */,
				196ADB6D82874F84A5BAA194 /* Cabin_SemiCondensed-SemiBold.ttf in Resources */,
				856A53F519FD4285BB355BAA /* Cabin_SemiCondensed-SemiBoldItalic.ttf in Resources */,
				250A5C89AF564006BD9AA2E1 /* Montserrat-Black.ttf in Resources */,
				8E2E9E1A34CC4636AB92C0BB /* Montserrat-BlackItalic.ttf in Resources */,
				67B426C703464263A57B6102 /* Montserrat-Bold.ttf in Resources */,
				637BF88D41B145EBABF11A4C /* Montserrat-BoldItalic.ttf in Resources */,
				3226EB1424734B7B8F2EEF54 /* Montserrat-ExtraBold.ttf in Resources */,
				898F420FC8974B03905193CF /* Montserrat-ExtraBoldItalic.ttf in Resources */,
				120AF5CD1D6348B4BBA50E20 /* Montserrat-ExtraLight.ttf in Resources */,
				77793A975FFB4C79B0402C39 /* Montserrat-ExtraLightItalic.ttf in Resources */,
				F15151DE718D496DB1AC8523 /* Montserrat-Italic.ttf in Resources */,
				3A0F8ECF4E6B433CAF39C942 /* Montserrat-Light.ttf in Resources */,
				7F90C8D8B675479DAC67B6C8 /* Montserrat-LightItalic.ttf in Resources */,
				BA10BCB467A54604AC8BBFD6 /* Montserrat-Medium.ttf in Resources */,
				8040CC5456CC48118AE7856A /* Montserrat-MediumItalic.ttf in Resources */,
				75BBC32E61EA467581541116 /* Montserrat-Regular.ttf in Resources */,
				C6DC1F761CBF4241B7328F4E /* Montserrat-SemiBold.ttf in Resources */,
				D8D6267C61C849C7AE2A3D6F /* Montserrat-SemiBoldItalic.ttf in Resources */,
				057C9AF32E9A4E88979411A0 /* Montserrat-Thin.ttf in Resources */,
				BBA97FB7CA554071A7A2A283 /* Montserrat-ThinItalic.ttf in Resources */,
			);
			runOnlyForDeploymentPostprocessing = 0;
		};
/* End PBXResourcesBuildPhase section */

/* Begin PBXShellScriptBuildPhase section */
		00DD1BFF1BD5951E006B06BC /* Bundle React Native code and images */ = {
			isa = PBXShellScriptBuildPhase;
			buildActionMask = 2147483647;
			files = (
			);
			inputPaths = (
				"$(SRCROOT)/.xcode.env.local",
				"$(SRCROOT)/.xcode.env",
			);
			name = "Bundle React Native code and images";
			outputPaths = (
			);
			runOnlyForDeploymentPostprocessing = 0;
			shellPath = /bin/sh;
			shellScript = "set -e\n\nWITH_ENVIRONMENT=\"../node_modules/react-native/scripts/xcode/with-environment.sh\"\nREACT_NATIVE_XCODE=\"../node_modules/react-native/scripts/react-native-xcode.sh\"\n\n/bin/sh -c \"$WITH_ENVIRONMENT $REACT_NATIVE_XCODE\"\n";
		};
		00EEFC60759A1932668264C0 /* [CP] Embed Pods Frameworks */ = {
			isa = PBXShellScriptBuildPhase;
			buildActionMask = 2147483647;
			files = (
			);
			inputFileListPaths = (
				"${PODS_ROOT}/Target Support Files/Pods-RecipePassport/Pods-RecipePassport-frameworks-${CONFIGURATION}-input-files.xcfilelist",
			);
			name = "[CP] Embed Pods Frameworks";
			outputFileListPaths = (
				"${PODS_ROOT}/Target Support Files/Pods-RecipePassport/Pods-RecipePassport-frameworks-${CONFIGURATION}-output-files.xcfilelist",
			);
			runOnlyForDeploymentPostprocessing = 0;
			shellPath = /bin/sh;
			shellScript = "\"${PODS_ROOT}/Target Support Files/Pods-RecipePassport/Pods-RecipePassport-frameworks.sh\"\n";
			showEnvVarsInLog = 0;
		};
		A55EABD7B0C7F3A422A6CC61 /* [CP] Check Pods Manifest.lock */ = {
			isa = PBXShellScriptBuildPhase;
			buildActionMask = 2147483647;
			files = (
			);
			inputFileListPaths = (
			);
			inputPaths = (
				"${PODS_PODFILE_DIR_PATH}/Podfile.lock",
				"${PODS_ROOT}/Manifest.lock",
			);
			name = "[CP] Check Pods Manifest.lock";
			outputFileListPaths = (
			);
			outputPaths = (
				"$(DERIVED_FILE_DIR)/Pods-RecipePassport-RecipePassportTests-checkManifestLockResult.txt",
			);
			runOnlyForDeploymentPostprocessing = 0;
			shellPath = /bin/sh;
			shellScript = "diff \"${PODS_PODFILE_DIR_PATH}/Podfile.lock\" \"${PODS_ROOT}/Manifest.lock\" > /dev/null\nif [ $? != 0 ] ; then\n    # print error to STDERR\n    echo \"error: The sandbox is not in sync with the Podfile.lock. Run 'pod install' or update your CocoaPods installation.\" >&2\n    exit 1\nfi\n# This output is used by Xcode 'outputs' to avoid re-running this script phase.\necho \"SUCCESS\" > \"${SCRIPT_OUTPUT_FILE_0}\"\n";
			showEnvVarsInLog = 0;
		};
		C38B50BA6285516D6DCD4F65 /* [CP] Check Pods Manifest.lock */ = {
			isa = PBXShellScriptBuildPhase;
			buildActionMask = 2147483647;
			files = (
			);
			inputFileListPaths = (
			);
			inputPaths = (
				"${PODS_PODFILE_DIR_PATH}/Podfile.lock",
				"${PODS_ROOT}/Manifest.lock",
			);
			name = "[CP] Check Pods Manifest.lock";
			outputFileListPaths = (
			);
			outputPaths = (
				"$(DERIVED_FILE_DIR)/Pods-RecipePassport-checkManifestLockResult.txt",
			);
			runOnlyForDeploymentPostprocessing = 0;
			shellPath = /bin/sh;
			shellScript = "diff \"${PODS_PODFILE_DIR_PATH}/Podfile.lock\" \"${PODS_ROOT}/Manifest.lock\" > /dev/null\nif [ $? != 0 ] ; then\n    # print error to STDERR\n    echo \"error: The sandbox is not in sync with the Podfile.lock. Run 'pod install' or update your CocoaPods installation.\" >&2\n    exit 1\nfi\n# This output is used by Xcode 'outputs' to avoid re-running this script phase.\necho \"SUCCESS\" > \"${SCRIPT_OUTPUT_FILE_0}\"\n";
			showEnvVarsInLog = 0;
		};
		C59DA0FBD6956966B86A3779 /* [CP] Embed Pods Frameworks */ = {
			isa = PBXShellScriptBuildPhase;
			buildActionMask = 2147483647;
			files = (
			);
			inputFileListPaths = (
				"${PODS_ROOT}/Target Support Files/Pods-RecipePassport-RecipePassportTests/Pods-RecipePassport-RecipePassportTests-frameworks-${CONFIGURATION}-input-files.xcfilelist",
			);
			name = "[CP] Embed Pods Frameworks";
			outputFileListPaths = (
				"${PODS_ROOT}/Target Support Files/Pods-RecipePassport-RecipePassportTests/Pods-RecipePassport-RecipePassportTests-frameworks-${CONFIGURATION}-output-files.xcfilelist",
			);
			runOnlyForDeploymentPostprocessing = 0;
			shellPath = /bin/sh;
			shellScript = "\"${PODS_ROOT}/Target Support Files/Pods-RecipePassport-RecipePassportTests/Pods-RecipePassport-RecipePassportTests-frameworks.sh\"\n";
			showEnvVarsInLog = 0;
		};
		E235C05ADACE081382539298 /* [CP] Copy Pods Resources */ = {
			isa = PBXShellScriptBuildPhase;
			buildActionMask = 2147483647;
			files = (
			);
			inputFileListPaths = (
				"${PODS_ROOT}/Target Support Files/Pods-RecipePassport/Pods-RecipePassport-resources-${CONFIGURATION}-input-files.xcfilelist",
			);
			name = "[CP] Copy Pods Resources";
			outputFileListPaths = (
				"${PODS_ROOT}/Target Support Files/Pods-RecipePassport/Pods-RecipePassport-resources-${CONFIGURATION}-output-files.xcfilelist",
			);
			runOnlyForDeploymentPostprocessing = 0;
			shellPath = /bin/sh;
			shellScript = "\"${PODS_ROOT}/Target Support Files/Pods-RecipePassport/Pods-RecipePassport-resources.sh\"\n";
			showEnvVarsInLog = 0;
		};
		F6A41C54EA430FDDC6A6ED99 /* [CP] Copy Pods Resources */ = {
			isa = PBXShellScriptBuildPhase;
			buildActionMask = 2147483647;
			files = (
			);
			inputFileListPaths = (
				"${PODS_ROOT}/Target Support Files/Pods-RecipePassport-RecipePassportTests/Pods-RecipePassport-RecipePassportTests-resources-${CONFIGURATION}-input-files.xcfilelist",
			);
			name = "[CP] Copy Pods Resources";
			outputFileListPaths = (
				"${PODS_ROOT}/Target Support Files/Pods-RecipePassport-RecipePassportTests/Pods-RecipePassport-RecipePassportTests-resources-${CONFIGURATION}-output-files.xcfilelist",
			);
			runOnlyForDeploymentPostprocessing = 0;
			shellPath = /bin/sh;
			shellScript = "\"${PODS_ROOT}/Target Support Files/Pods-RecipePassport-RecipePassportTests/Pods-RecipePassport-RecipePassportTests-resources.sh\"\n";
			showEnvVarsInLog = 0;
		};
		FD10A7F022414F080027D42C /* Start Packager */ = {
			isa = PBXShellScriptBuildPhase;
			buildActionMask = 2147483647;
			files = (
			);
			inputFileListPaths = (
			);
			inputPaths = (
			);
			name = "Start Packager";
			outputFileListPaths = (
			);
			outputPaths = (
			);
			runOnlyForDeploymentPostprocessing = 0;
			shellPath = /bin/sh;
			shellScript = "export RCT_METRO_PORT=\"${RCT_METRO_PORT:=8081}\"\necho \"export RCT_METRO_PORT=${RCT_METRO_PORT}\" > \"${SRCROOT}/../node_modules/react-native/scripts/.packager.env\"\nif [ -z \"${RCT_NO_LAUNCH_PACKAGER+xxx}\" ] ; then\n  if nc -w 5 -z localhost ${RCT_METRO_PORT} ; then\n    if ! curl -s \"http://localhost:${RCT_METRO_PORT}/status\" | grep -q \"packager-status:running\" ; then\n      echo \"Port ${RCT_METRO_PORT} already in use, packager is either not running or not running correctly\"\n      exit 2\n    fi\n  else\n    open \"$SRCROOT/../node_modules/react-native/scripts/launchPackager.command\" || echo \"Can't start packager automatically\"\n  fi\nfi\n";
			showEnvVarsInLog = 0;
		};
/* End PBXShellScriptBuildPhase section */

/* Begin PBXSourcesBuildPhase section */
		00E356EA1AD99517003FC87E /* Sources */ = {
			isa = PBXSourcesBuildPhase;
			buildActionMask = 2147483647;
			files = (
				00E356F31AD99517003FC87E /* RecipePassportTests.m in Sources */,
			);
			runOnlyForDeploymentPostprocessing = 0;
		};
		13B07F871A680F5B00A75B9A /* Sources */ = {
			isa = PBXSourcesBuildPhase;
			buildActionMask = 2147483647;
			files = (
				13B07FBC1A68108700A75B9A /* AppDelegate.mm in Sources */,
				13B07FC11A68108700A75B9A /* main.m in Sources */,
			);
			runOnlyForDeploymentPostprocessing = 0;
		};
/* End PBXSourcesBuildPhase section */

/* Begin PBXTargetDependency section */
		00E356F51AD99517003FC87E /* PBXTargetDependency */ = {
			isa = PBXTargetDependency;
			target = 13B07F861A680F5B00A75B9A /* RecipePassport */;
			targetProxy = 00E356F41AD99517003FC87E /* PBXContainerItemProxy */;
		};
/* End PBXTargetDependency section */

/* Begin XCBuildConfiguration section */
		00E356F61AD99517003FC87E /* Debug */ = {
			isa = XCBuildConfiguration;
			baseConfigurationReference = 5B7EB9410499542E8C5724F5 /* Pods-RecipePassport-RecipePassportTests.debug.xcconfig */;
			buildSettings = {
				BUNDLE_LOADER = "$(TEST_HOST)";
				GCC_PREPROCESSOR_DEFINITIONS = (
					"DEBUG=1",
					"$(inherited)",
				);
				INFOPLIST_FILE = RecipePassportTests/Info.plist;
				IPHONEOS_DEPLOYMENT_TARGET = 12.4;
				LD_RUNPATH_SEARCH_PATHS = (
					"$(inherited)",
					"@executable_path/Frameworks",
					"@loader_path/Frameworks",
				);
				OTHER_LDFLAGS = (
					"-ObjC",
					"-lc++",
					"$(inherited)",
				);
				PRODUCT_BUNDLE_IDENTIFIER = "org.reactjs.native.example.$(PRODUCT_NAME:rfc1034identifier)";
				PRODUCT_NAME = "$(TARGET_NAME)";
				TEST_HOST = "$(BUILT_PRODUCTS_DIR)/RecipePassport.app/RecipePassport";
			};
			name = Debug;
		};
		00E356F71AD99517003FC87E /* Release */ = {
			isa = XCBuildConfiguration;
			baseConfigurationReference = 89C6BE57DB24E9ADA2F236DE /* Pods-RecipePassport-RecipePassportTests.release.xcconfig */;
			buildSettings = {
				BUNDLE_LOADER = "$(TEST_HOST)";
				COPY_PHASE_STRIP = NO;
				INFOPLIST_FILE = RecipePassportTests/Info.plist;
				IPHONEOS_DEPLOYMENT_TARGET = 12.4;
				LD_RUNPATH_SEARCH_PATHS = (
					"$(inherited)",
					"@executable_path/Frameworks",
					"@loader_path/Frameworks",
				);
				OTHER_LDFLAGS = (
					"-ObjC",
					"-lc++",
					"$(inherited)",
				);
				PRODUCT_BUNDLE_IDENTIFIER = "org.reactjs.native.example.$(PRODUCT_NAME:rfc1034identifier)";
				PRODUCT_NAME = "$(TARGET_NAME)";
				TEST_HOST = "$(BUILT_PRODUCTS_DIR)/RecipePassport.app/RecipePassport";
			};
			name = Release;
		};
		13B07F941A680F5B00A75B9A /* Debug */ = {
			isa = XCBuildConfiguration;
			baseConfigurationReference = 3B4392A12AC88292D35C810B /* Pods-RecipePassport.debug.xcconfig */;
			buildSettings = {
				ASSETCATALOG_COMPILER_APPICON_NAME = AppIcon;
				CLANG_ENABLE_MODULES = YES;
				CURRENT_PROJECT_VERSION = 1;
				ENABLE_BITCODE = NO;
				INFOPLIST_FILE = RecipePassport/Info.plist;
				LD_RUNPATH_SEARCH_PATHS = (
					"$(inherited)",
					"@executable_path/Frameworks",
				);
				MARKETING_VERSION = 1.0;
				OTHER_LDFLAGS = (
					"$(inherited)",
					"-ObjC",
					"-lc++",
				);
				PRODUCT_BUNDLE_IDENTIFIER = "org.reactjs.native.example.$(PRODUCT_NAME:rfc1034identifier)";
				PRODUCT_NAME = RecipePassport;
				SWIFT_OPTIMIZATION_LEVEL = "-Onone";
				SWIFT_VERSION = 5.0;
				VERSIONING_SYSTEM = "apple-generic";
			};
			name = Debug;
		};
		13B07F951A680F5B00A75B9A /* Release */ = {
			isa = XCBuildConfiguration;
			baseConfigurationReference = 5709B34CF0A7D63546082F79 /* Pods-RecipePassport.release.xcconfig */;
			buildSettings = {
				ASSETCATALOG_COMPILER_APPICON_NAME = AppIcon;
				CLANG_ENABLE_MODULES = YES;
				CURRENT_PROJECT_VERSION = 1;
				INFOPLIST_FILE = RecipePassport/Info.plist;
				LD_RUNPATH_SEARCH_PATHS = (
					"$(inherited)",
					"@executable_path/Frameworks",
				);
				MARKETING_VERSION = 1.0;
				OTHER_LDFLAGS = (
					"$(inherited)",
					"-ObjC",
					"-lc++",
				);
				PRODUCT_BUNDLE_IDENTIFIER = "org.reactjs.native.example.$(PRODUCT_NAME:rfc1034identifier)";
				PRODUCT_NAME = RecipePassport;
				SWIFT_VERSION = 5.0;
				VERSIONING_SYSTEM = "apple-generic";
			};
			name = Release;
		};
		83CBBA201A601CBA00E9B192 /* Debug */ = {
			isa = XCBuildConfiguration;
			buildSettings = {
				ALWAYS_SEARCH_USER_PATHS = NO;
				CLANG_ANALYZER_LOCALIZABILITY_NONLOCALIZED = YES;
				CLANG_CXX_LANGUAGE_STANDARD = "c++17";
				CLANG_CXX_LIBRARY = "libc++";
				CLANG_ENABLE_MODULES = YES;
				CLANG_ENABLE_OBJC_ARC = YES;
				CLANG_WARN_BLOCK_CAPTURE_AUTORELEASING = YES;
				CLANG_WARN_BOOL_CONVERSION = YES;
				CLANG_WARN_COMMA = YES;
				CLANG_WARN_CONSTANT_CONVERSION = YES;
				CLANG_WARN_DEPRECATED_OBJC_IMPLEMENTATIONS = YES;
				CLANG_WARN_DIRECT_OBJC_ISA_USAGE = YES_ERROR;
				CLANG_WARN_EMPTY_BODY = YES;
				CLANG_WARN_ENUM_CONVERSION = YES;
				CLANG_WARN_INFINITE_RECURSION = YES;
				CLANG_WARN_INT_CONVERSION = YES;
				CLANG_WARN_NON_LITERAL_NULL_CONVERSION = YES;
				CLANG_WARN_OBJC_IMPLICIT_RETAIN_SELF = YES;
				CLANG_WARN_OBJC_LITERAL_CONVERSION = YES;
				CLANG_WARN_OBJC_ROOT_CLASS = YES_ERROR;
				CLANG_WARN_QUOTED_INCLUDE_IN_FRAMEWORK_HEADER = YES;
				CLANG_WARN_RANGE_LOOP_ANALYSIS = YES;
				CLANG_WARN_STRICT_PROTOTYPES = YES;
				CLANG_WARN_SUSPICIOUS_MOVE = YES;
				CLANG_WARN_UNREACHABLE_CODE = YES;
				CLANG_WARN__DUPLICATE_METHOD_MATCH = YES;
				"CODE_SIGN_IDENTITY[sdk=iphoneos*]" = "iPhone Developer";
				COPY_PHASE_STRIP = NO;
				ENABLE_STRICT_OBJC_MSGSEND = YES;
				ENABLE_TESTABILITY = YES;
				"EXCLUDED_ARCHS[sdk=iphonesimulator*]" = "";
				GCC_C_LANGUAGE_STANDARD = gnu99;
				GCC_DYNAMIC_NO_PIC = NO;
				GCC_NO_COMMON_BLOCKS = YES;
				GCC_OPTIMIZATION_LEVEL = 0;
				GCC_PREPROCESSOR_DEFINITIONS = (
					"DEBUG=1",
					"$(inherited)",
				);
				GCC_SYMBOLS_PRIVATE_EXTERN = NO;
				GCC_WARN_64_TO_32_BIT_CONVERSION = YES;
				GCC_WARN_ABOUT_RETURN_TYPE = YES_ERROR;
				GCC_WARN_UNDECLARED_SELECTOR = YES;
				GCC_WARN_UNINITIALIZED_AUTOS = YES_AGGRESSIVE;
				GCC_WARN_UNUSED_FUNCTION = YES;
				GCC_WARN_UNUSED_VARIABLE = YES;
				IPHONEOS_DEPLOYMENT_TARGET = 12.4;
				LD_RUNPATH_SEARCH_PATHS = (
					/usr/lib/swift,
					"$(inherited)",
				);
				LIBRARY_SEARCH_PATHS = (
					"\"$(SDKROOT)/usr/lib/swift\"",
					"\"$(TOOLCHAIN_DIR)/usr/lib/swift/$(PLATFORM_NAME)\"",
					"\"$(inherited)\"",
				);
				MTL_ENABLE_DEBUG_INFO = YES;
				ONLY_ACTIVE_ARCH = YES;
				OTHER_CPLUSPLUSFLAGS = (
					"$(OTHER_CFLAGS)",
					"-DFOLLY_NO_CONFIG",
					"-DFOLLY_MOBILE=1",
					"-DFOLLY_USE_LIBCPP=1",
				);
				SDKROOT = iphoneos;
			};
			name = Debug;
		};
		83CBBA211A601CBA00E9B192 /* Release */ = {
			isa = XCBuildConfiguration;
			buildSettings = {
				ALWAYS_SEARCH_USER_PATHS = NO;
				CLANG_ANALYZER_LOCALIZABILITY_NONLOCALIZED = YES;
				CLANG_CXX_LANGUAGE_STANDARD = "c++17";
				CLANG_CXX_LIBRARY = "libc++";
				CLANG_ENABLE_MODULES = YES;
				CLANG_ENABLE_OBJC_ARC = YES;
				CLANG_WARN_BLOCK_CAPTURE_AUTORELEASING = YES;
				CLANG_WARN_BOOL_CONVERSION = YES;
				CLANG_WARN_COMMA = YES;
				CLANG_WARN_CONSTANT_CONVERSION = YES;
				CLANG_WARN_DEPRECATED_OBJC_IMPLEMENTATIONS = YES;
				CLANG_WARN_DIRECT_OBJC_ISA_USAGE = YES_ERROR;
				CLANG_WARN_EMPTY_BODY = YES;
				CLANG_WARN_ENUM_CONVERSION = YES;
				CLANG_WARN_INFINITE_RECURSION = YES;
				CLANG_WARN_INT_CONVERSION = YES;
				CLANG_WARN_NON_LITERAL_NULL_CONVERSION = YES;
				CLANG_WARN_OBJC_IMPLICIT_RETAIN_SELF = YES;
				CLANG_WARN_OBJC_LITERAL_CONVERSION = YES;
				CLANG_WARN_OBJC_ROOT_CLASS = YES_ERROR;
				CLANG_WARN_QUOTED_INCLUDE_IN_FRAMEWORK_HEADER = YES;
				CLANG_WARN_RANGE_LOOP_ANALYSIS = YES;
				CLANG_WARN_STRICT_PROTOTYPES = YES;
				CLANG_WARN_SUSPICIOUS_MOVE = YES;
				CLANG_WARN_UNREACHABLE_CODE = YES;
				CLANG_WARN__DUPLICATE_METHOD_MATCH = YES;
				"CODE_SIGN_IDENTITY[sdk=iphoneos*]" = "iPhone Developer";
				COPY_PHASE_STRIP = YES;
				ENABLE_NS_ASSERTIONS = NO;
				ENABLE_STRICT_OBJC_MSGSEND = YES;
				"EXCLUDED_ARCHS[sdk=iphonesimulator*]" = "";
				GCC_C_LANGUAGE_STANDARD = gnu99;
				GCC_NO_COMMON_BLOCKS = YES;
				GCC_WARN_64_TO_32_BIT_CONVERSION = YES;
				GCC_WARN_ABOUT_RETURN_TYPE = YES_ERROR;
				GCC_WARN_UNDECLARED_SELECTOR = YES;
				GCC_WARN_UNINITIALIZED_AUTOS = YES_AGGRESSIVE;
				GCC_WARN_UNUSED_FUNCTION = YES;
				GCC_WARN_UNUSED_VARIABLE = YES;
				IPHONEOS_DEPLOYMENT_TARGET = 12.4;
				LD_RUNPATH_SEARCH_PATHS = (
					/usr/lib/swift,
					"$(inherited)",
				);
				LIBRARY_SEARCH_PATHS = (
					"\"$(SDKROOT)/usr/lib/swift\"",
					"\"$(TOOLCHAIN_DIR)/usr/lib/swift/$(PLATFORM_NAME)\"",
					"\"$(inherited)\"",
				);
				MTL_ENABLE_DEBUG_INFO = NO;
				OTHER_CPLUSPLUSFLAGS = (
					"$(OTHER_CFLAGS)",
					"-DFOLLY_NO_CONFIG",
					"-DFOLLY_MOBILE=1",
					"-DFOLLY_USE_LIBCPP=1",
				);
				SDKROOT = iphoneos;
				VALIDATE_PRODUCT = YES;
			};
			name = Release;
		};
/* End XCBuildConfiguration section */

/* Begin XCConfigurationList section */
		00E357021AD99517003FC87E /* Build configuration list for PBXNativeTarget "RecipePassportTests" */ = {
			isa = XCConfigurationList;
			buildConfigurations = (
				00E356F61AD99517003FC87E /* Debug */,
				00E356F71AD99517003FC87E /* Release */,
			);
			defaultConfigurationIsVisible = 0;
			defaultConfigurationName = Release;
		};
		13B07F931A680F5B00A75B9A /* Build configuration list for PBXNativeTarget "RecipePassport" */ = {
			isa = XCConfigurationList;
			buildConfigurations = (
				13B07F941A680F5B00A75B9A /* Debug */,
				13B07F951A680F5B00A75B9A /* Release */,
			);
			defaultConfigurationIsVisible = 0;
			defaultConfigurationName = Release;
		};
		83CBB9FA1A601CBA00E9B192 /* Build configuration list for PBXProject "RecipePassport" */ = {
			isa = XCConfigurationList;
			buildConfigurations = (
				83CBBA201A601CBA00E9B192 /* Debug */,
				83CBBA211A601CBA00E9B192 /* Release */,
			);
			defaultConfigurationIsVisible = 0;
			defaultConfigurationName = Release;
		};
/* End XCConfigurationList section */
	};
	rootObject = 83CBB9F71A601CBA00E9B192 /* Project object */;
}
